
Microsoft Visual Studio Solution File, Format Version 12.00
# Visual Studio Version 17
VisualStudioVersion = 17.14.36109.1 d17.14
MinimumVisualStudioVersion = 10.0.40219.1
Project("{FAE04EC0-301F-11D3-BF4B-00C04F79EFBC}") = "TaskManagementApplication", "TaskManagementApplication.csproj", "{BC956513-7A34-4531-BBB3-D794B83D9EF3}"
EndProject
Global
	GlobalSection(SolutionConfigurationPlatforms) = preSolution
		Debug|Any CPU = Debug|Any CPU
		Release|Any CPU = Release|Any CPU
	EndGlobalSection
	GlobalSection(ProjectConfigurationPlatforms) = postSolution
		{BC956513-7A34-4531-BBB3-D794B83D9EF3}.Debug|Any CPU.ActiveCfg = Debug|Any CPU
		{BC956513-7A34-4531-BBB3-D794B83D9EF3}.Debug|Any CPU.Build.0 = Debug|Any CPU
		{BC956513-7A34-4531-BBB3-D794B83D9EF3}.Release|Any CPU.ActiveCfg = Release|Any CPU
		{BC956513-7A34-4531-BBB3-D794B83D9EF3}.Release|Any CPU.Build.0 = Release|Any CPU
	EndGlobalSection
	GlobalSection(SolutionProperties) = preSolution
		HideSolutionNode = FALSE
	EndGlobalSection
	GlobalSection(ExtensibilityGlobals) = postSolution
		SolutionGuid = {1D18856A-10C9-40E0-97D6-547C605C989C}
	EndGlobalSection
EndGlobal
